
Microsoft Visual Studio Solution File, Format Version 12.00
# Visual Studio Version 17
VisualStudioVersion = 17.2.32526.322
MinimumVisualStudioVersion = 10.0.40219.1
Project("{9A19103F-16F7-4668-BE54-9A1E7A4F7556}") = "HomeRecipes.Migrations", "FluentMigrator.Demo\HomeRecipes.Migrations.csproj", "{4E507CDD-E089-40A8-ABF1-1973D7FE5650}"
EndProject
Global
	GlobalSection(SolutionConfigurationPlatforms) = preSolution
		Debug|Any CPU = Debug|Any CPU
		Release|Any CPU = Release|Any CPU
	EndGlobalSection
	GlobalSection(ProjectConfigurationPlatforms) = postSolution
		{4E507CDD-E089-40A8-ABF1-1973D7FE5650}.Debug|Any CPU.ActiveCfg = Debug|Any CPU
		{4E507CDD-E089-40A8-ABF1-1973D7FE5650}.Debug|Any CPU.Build.0 = Debug|Any CPU
		{4E507CDD-E089-40A8-ABF1-1973D7FE5650}.Release|Any CPU.ActiveCfg = Release|Any CPU
		{4E507CDD-E089-40A8-ABF1-1973D7FE5650}.Release|Any CPU.Build.0 = Release|Any CPU
	EndGlobalSection
	GlobalSection(SolutionProperties) = preSolution
		HideSolutionNode = FALSE
	EndGlobalSection
	GlobalSection(ExtensibilityGlobals) = postSolution
		SolutionGuid = {1D7A0A16-2BD1-4D44-A053-AAF5995E81A9}
	EndGlobalSection
EndGlobal
